
Microsoft Visual Studio Solution File, Format Version 12.00
# Visual Studio Version 17
VisualStudioVersion = 17.8.34525.116
MinimumVisualStudioVersion = 10.0.40219.1
Project("{FAE04EC0-301F-11D3-BF4B-00C04F79EFBC}") = "TypesAndVariables", "TypesAndVariables\TypesAndVariables.csproj", "{CFE28011-CEB5-4FD8-8D37-9E06B5697CDB}"
EndProject
Project("{FAE04EC0-301F-11D3-BF4B-00C04F79EFBC}") = "Conditionals", "Conditionals\Conditionals.csproj", "{1C24648D-8F33-443B-92A2-68256028838D}"
EndProject
Project("{FAE04EC0-301F-11D3-BF4B-00C04F79EFBC}") = "Methods", "Methods\Methods.csproj", "{6B0EA4F0-B4E1-45B2-9748-32224E47A43A}"
EndProject
Project("{FAE04EC0-301F-11D3-BF4B-00C04F79EFBC}") = "Arrays", "Arrays\Arrays.csproj", "{47C35580-7D79-471A-B9F4-140D39FD6226}"
EndProject
Project("{FAE04EC0-301F-11D3-BF4B-00C04F79EFBC}") = "Loops", "Loops\Loops.csproj", "{CFF9D083-08D1-4FB7-8753-A08EC7306121}"
EndProject
Project("{FAE04EC0-301F-11D3-BF4B-00C04F79EFBC}") = "Strings", "Strings\Strings.csproj", "{F580CA72-BFE0-4086-9653-18F0E7B2A030}"
EndProject
Project("{FAE04EC0-301F-11D3-BF4B-00C04F79EFBC}") = "Classes", "Classes\Classes.csproj", "{DC6A9207-6E9B-49E1-87F9-B521FFCB306E}"
EndProject
Project("{FAE04EC0-301F-11D3-BF4B-00C04F79EFBC}") = "RecapDemo1", "RecapDemo\RecapDemo1.csproj", "{DC5DA454-328C-4C8D-A4A2-694699279503}"
EndProject
Project("{FAE04EC0-301F-11D3-BF4B-00C04F79EFBC}") = "Interfaces", "Interfaces\Interfaces.csproj", "{FB551E1B-9F6C-4638-A714-107A794C2784}"
EndProject
Project("{FAE04EC0-301F-11D3-BF4B-00C04F79EFBC}") = "InterfacesDemo", "InterfacesDemo\InterfacesDemo.csproj", "{95F8FAB1-127B-49A2-9B1B-96A842B18565}"
EndProject
Project("{FAE04EC0-301F-11D3-BF4B-00C04F79EFBC}") = "Inheritance", "Inheritance\Inheritance.csproj", "{2C0F59E0-71B6-454B-90CB-0F18F56634B5}"
EndProject
Global
	GlobalSection(SolutionConfigurationPlatforms) = preSolution
		Debug|Any CPU = Debug|Any CPU
		Release|Any CPU = Release|Any CPU
	EndGlobalSection
	GlobalSection(ProjectConfigurationPlatforms) = postSolution
		{CFE28011-CEB5-4FD8-8D37-9E06B5697CDB}.Debug|Any CPU.ActiveCfg = Debug|Any CPU
		{CFE28011-CEB5-4FD8-8D37-9E06B5697CDB}.Debug|Any CPU.Build.0 = Debug|Any CPU
		{CFE28011-CEB5-4FD8-8D37-9E06B5697CDB}.Release|Any CPU.ActiveCfg = Release|Any CPU
		{CFE28011-CEB5-4FD8-8D37-9E06B5697CDB}.Release|Any CPU.Build.0 = Release|Any CPU
		{1C24648D-8F33-443B-92A2-68256028838D}.Debug|Any CPU.ActiveCfg = Debug|Any CPU
		{1C24648D-8F33-443B-92A2-68256028838D}.Debug|Any CPU.Build.0 = Debug|Any CPU
		{1C24648D-8F33-443B-92A2-68256028838D}.Release|Any CPU.ActiveCfg = Release|Any CPU
		{1C24648D-8F33-443B-92A2-68256028838D}.Release|Any CPU.Build.0 = Release|Any CPU
		{6B0EA4F0-B4E1-45B2-9748-32224E47A43A}.Debug|Any CPU.ActiveCfg = Debug|Any CPU
		{6B0EA4F0-B4E1-45B2-9748-32224E47A43A}.Debug|Any CPU.Build.0 = Debug|Any CPU
		{6B0EA4F0-B4E1-45B2-9748-32224E47A43A}.Release|Any CPU.ActiveCfg = Release|Any CPU
		{6B0EA4F0-B4E1-45B2-9748-32224E47A43A}.Release|Any CPU.Build.0 = Release|Any CPU
		{47C35580-7D79-471A-B9F4-140D39FD6226}.Debug|Any CPU.ActiveCfg = Debug|Any CPU
		{47C35580-7D79-471A-B9F4-140D39FD6226}.Debug|Any CPU.Build.0 = Debug|Any CPU
		{47C35580-7D79-471A-B9F4-140D39FD6226}.Release|Any CPU.ActiveCfg = Release|Any CPU
		{47C35580-7D79-471A-B9F4-140D39FD6226}.Release|Any CPU.Build.0 = Release|Any CPU
		{CFF9D083-08D1-4FB7-8753-A08EC7306121}.Debug|Any CPU.ActiveCfg = Debug|Any CPU
		{CFF9D083-08D1-4FB7-8753-A08EC7306121}.Debug|Any CPU.Build.0 = Debug|Any CPU
		{CFF9D083-08D1-4FB7-8753-A08EC7306121}.Release|Any CPU.ActiveCfg = Release|Any CPU
		{CFF9D083-08D1-4FB7-8753-A08EC7306121}.Release|Any CPU.Build.0 = Release|Any CPU
		{F580CA72-BFE0-4086-9653-18F0E7B2A030}.Debug|Any CPU.ActiveCfg = Debug|Any CPU
		{F580CA72-BFE0-4086-9653-18F0E7B2A030}.Debug|Any CPU.Build.0 = Debug|Any CPU
		{F580CA72-BFE0-4086-9653-18F0E7B2A030}.Release|Any CPU.ActiveCfg = Release|Any CPU
		{F580CA72-BFE0-4086-9653-18F0E7B2A030}.Release|Any CPU.Build.0 = Release|Any CPU
		{DC6A9207-6E9B-49E1-87F9-B521FFCB306E}.Debug|Any CPU.ActiveCfg = Debug|Any CPU
		{DC6A9207-6E9B-49E1-87F9-B521FFCB306E}.Debug|Any CPU.Build.0 = Debug|Any CPU
		{DC6A9207-6E9B-49E1-87F9-B521FFCB306E}.Release|Any CPU.ActiveCfg = Release|Any CPU
		{DC6A9207-6E9B-49E1-87F9-B521FFCB306E}.Release|Any CPU.Build.0 = Release|Any CPU
		{DC5DA454-328C-4C8D-A4A2-694699279503}.Debug|Any CPU.ActiveCfg = Debug|Any CPU
		{DC5DA454-328C-4C8D-A4A2-694699279503}.Debug|Any CPU.Build.0 = Debug|Any CPU
		{DC5DA454-328C-4C8D-A4A2-694699279503}.Release|Any CPU.ActiveCfg = Release|Any CPU
		{DC5DA454-328C-4C8D-A4A2-694699279503}.Release|Any CPU.Build.0 = Release|Any CPU
		{FB551E1B-9F6C-4638-A714-107A794C2784}.Debug|Any CPU.ActiveCfg = Debug|Any CPU
		{FB551E1B-9F6C-4638-A714-107A794C2784}.Debug|Any CPU.Build.0 = Debug|Any CPU
		{FB551E1B-9F6C-4638-A714-107A794C2784}.Release|Any CPU.ActiveCfg = Release|Any CPU
		{FB551E1B-9F6C-4638-A714-107A794C2784}.Release|Any CPU.Build.0 = Release|Any CPU
		{95F8FAB1-127B-49A2-9B1B-96A842B18565}.Debug|Any CPU.ActiveCfg = Debug|Any CPU
		{95F8FAB1-127B-49A2-9B1B-96A842B18565}.Debug|Any CPU.Build.0 = Debug|Any CPU
		{95F8FAB1-127B-49A2-9B1B-96A842B18565}.Release|Any CPU.ActiveCfg = Release|Any CPU
		{95F8FAB1-127B-49A2-9B1B-96A842B18565}.Release|Any CPU.Build.0 = Release|Any CPU
		{2C0F59E0-71B6-454B-90CB-0F18F56634B5}.Debug|Any CPU.ActiveCfg = Debug|Any CPU
		{2C0F59E0-71B6-454B-90CB-0F18F56634B5}.Debug|Any CPU.Build.0 = Debug|Any CPU
		{2C0F59E0-71B6-454B-90CB-0F18F56634B5}.Release|Any CPU.ActiveCfg = Release|Any CPU
		{2C0F59E0-71B6-454B-90CB-0F18F56634B5}.Release|Any CPU.Build.0 = Release|Any CPU
	EndGlobalSection
	GlobalSection(SolutionProperties) = preSolution
		HideSolutionNode = FALSE
	EndGlobalSection
	GlobalSection(ExtensibilityGlobals) = postSolution
		SolutionGuid = {E62896E9-4641-426C-9AE1-9ED6C0E50E68}
	EndGlobalSection
EndGlobal
